
Microsoft Visual Studio Solution File, Format Version 12.00
# Visual Studio Version 17
VisualStudioVersion = 17.2.32616.157
MinimumVisualStudioVersion = 10.0.40219.1
Project("{FAE04EC0-301F-11D3-BF4B-00C04F79EFBC}") = "firma", "firma\firma.csproj", "{33E1F0D0-59E8-4B3E-8202-43AFB4C3A2E3}"
EndProject
Global
	GlobalSection(SolutionConfigurationPlatforms) = preSolution
		Debug|Any CPU = Debug|Any CPU
		Release|Any CPU = Release|Any CPU
	EndGlobalSection
	GlobalSection(ProjectConfigurationPlatforms) = postSolution
		{33E1F0D0-59E8-4B3E-8202-43AFB4C3A2E3}.Debug|Any CPU.ActiveCfg = Debug|Any CPU
		{33E1F0D0-59E8-4B3E-8202-43AFB4C3A2E3}.Debug|Any CPU.Build.0 = Debug|Any CPU
		{33E1F0D0-59E8-4B3E-8202-43AFB4C3A2E3}.Release|Any CPU.ActiveCfg = Release|Any CPU
		{33E1F0D0-59E8-4B3E-8202-43AFB4C3A2E3}.Release|Any CPU.Build.0 = Release|Any CPU
	EndGlobalSection
	GlobalSection(SolutionProperties) = preSolution
		HideSolutionNode = FALSE
	EndGlobalSection
	GlobalSection(ExtensibilityGlobals) = postSolution
		SolutionGuid = {804BB442-AEEF-45AC-AC32-3765D50ED17B}
	EndGlobalSection
EndGlobal
